
Microsoft Visual Studio Solution File, Format Version 12.00
Project("{FAE04EC0-301F-11D3-BF4B-00C04F79EFBC}") = "ConsoleApp", "ConsoleApp\ConsoleApp.csproj", "{56D0F145-A7F5-4CD6-A855-A001CC96AD56}"
EndProject
Global
	GlobalSection(SolutionConfigurationPlatforms) = preSolution
		Debug|Any CPU = Debug|Any CPU
		Release|Any CPU = Release|Any CPU
	EndGlobalSection
	GlobalSection(ProjectConfigurationPlatforms) = postSolution
		{56D0F145-A7F5-4CD6-A855-A001CC96AD56}.Debug|Any CPU.ActiveCfg = Debug|Any CPU
		{56D0F145-A7F5-4CD6-A855-A001CC96AD56}.Debug|Any CPU.Build.0 = Debug|Any CPU
		{56D0F145-A7F5-4CD6-A855-A001CC96AD56}.Release|Any CPU.ActiveCfg = Release|Any CPU
		{56D0F145-A7F5-4CD6-A855-A001CC96AD56}.Release|Any CPU.Build.0 = Release|Any CPU
	EndGlobalSection
EndGlobal
